PODS:
  - mopub-ios-sdk (5.10.0):
    - mopub-ios-sdk/MoPubSDK (= 5.10.0)
  - mopub-ios-sdk/Avid (5.10.0):
    - mopub-ios-sdk/Core
  - mopub-ios-sdk/Core (5.10.0)
  - mopub-ios-sdk/Moat (5.10.0):
    - mopub-ios-sdk/Core
  - mopub-ios-sdk/MoPubSDK (5.10.0):
    - mopub-ios-sdk/Avid
    - mopub-ios-sdk/Core
    - mopub-ios-sdk/Moat
  - VungleSDK-iOS (6.5.0)

DEPENDENCIES:
  - mopub-ios-sdk (= 5.10.0)
  - VungleSDK-iOS (= 6.5.0)

SPEC REPOS:
  https://github.com/cocoapods/specs.git:
    - mopub-ios-sdk
  https://github.com/Vungle/ios-sdk-beta.git:
    - VungleSDK-iOS

SPEC CHECKSUMS:
  mopub-ios-sdk: 3d65133b95b6498aa871a66818a11a5ba307e565
  VungleSDK-iOS: 3998afddff318d844d46f66e6591a94c4baa9b8c

PODFILE CHECKSUM: 8a431806446252080793aacfbde748db2b8f1089

COCOAPODS: 1.5.3
