PODS:
  - mopub-ios-sdk (5.17.0):
    - mopub-ios-sdk/MoPubSDK (= 5.17.0)
  - mopub-ios-sdk/Core (5.17.0)
  - mopub-ios-sdk/MoPubSDK (5.17.0):
    - mopub-ios-sdk/Core
    - mopub-ios-sdk/NativeAds
  - mopub-ios-sdk/NativeAds (5.17.0):
    - mopub-ios-sdk/Core

DEPENDENCIES:
  - mopub-ios-sdk (= 5.17.0)

SPEC REPOS:
  https://github.com/CocoaPods/Specs.git:
    - mopub-ios-sdk

SPEC CHECKSUMS:
  mopub-ios-sdk: 36d322902674b79b0560a1cb8d15af0548d364ea

PODFILE CHECKSUM: 2e474d9cf51cdce5b1e40a9050edc933b7c08d95

COCOAPODS: 1.10.1
