PODS:
  - mopub-ios-sdk (5.10.0):
    - mopub-ios-sdk/MoPubSDK (= 5.10.0)
  - mopub-ios-sdk/Avid (5.10.0):
    - mopub-ios-sdk/Core
  - mopub-ios-sdk/Core (5.10.0)
  - mopub-ios-sdk/Moat (5.10.0):
    - mopub-ios-sdk/Core
  - mopub-ios-sdk/MoPubSDK (5.10.0):
    - mopub-ios-sdk/Avid
    - mopub-ios-sdk/Core
    - mopub-ios-sdk/Moat
  - MoPub-Vungle-Adapters (6.4.6.1):
    - MoPub-Vungle-Adapters/MoPub (= 6.4.6.1)
    - MoPub-Vungle-Adapters/Network (= 6.4.6.1)
  - MoPub-Vungle-Adapters/MoPub (6.4.6.1):
    - mopub-ios-sdk/Core (~> 5.8)
  - MoPub-Vungle-Adapters/Network (6.4.6.1):
    - mopub-ios-sdk/Core (~> 5.8)
    - VungleSDK-iOS (= 6.4.6)
  - VungleSDK-iOS (6.4.6)

DEPENDENCIES:
  - mopub-ios-sdk (= 5.10.0)
  - MoPub-Vungle-Adapters (= 6.4.6.1)

SPEC REPOS:
  https://github.com/cocoapods/specs.git:
    - mopub-ios-sdk
    - MoPub-Vungle-Adapters
    - VungleSDK-iOS

SPEC CHECKSUMS:
  mopub-ios-sdk: 3d65133b95b6498aa871a66818a11a5ba307e565
  MoPub-Vungle-Adapters: 882de20aae17ff49e4944c568d5edd3b1eedfb8d
  VungleSDK-iOS: 6bf8b4fef32afc169acbc1291485560c81ceb293

PODFILE CHECKSUM: b341f1bd1eae3a8ba698846e3cfaef845934d74a

COCOAPODS: 1.5.3
